
Microsoft Visual Studio Solution File, Format Version 12.00
# Visual Studio Version 17
VisualStudioVersion = 17.9.34616.47
MinimumVisualStudioVersion = 10.0.40219.1
Project("{FAE04EC0-301F-11D3-BF4B-00C04F79EFBC}") = "BulhyWebRazor_temp", "BulhyWebRazor_temp\BulhyWebRazor_temp.csproj", "{80106B64-6D25-4F0F-81B0-31C63E63F924}"
EndProject
Global
	GlobalSection(SolutionConfigurationPlatforms) = preSolution
		Debug|Any CPU = Debug|Any CPU
		Release|Any CPU = Release|Any CPU
	EndGlobalSection
	GlobalSection(ProjectConfigurationPlatforms) = postSolution
		{80106B64-6D25-4F0F-81B0-31C63E63F924}.Debug|Any CPU.ActiveCfg = Debug|Any CPU
		{80106B64-6D25-4F0F-81B0-31C63E63F924}.Debug|Any CPU.Build.0 = Debug|Any CPU
		{80106B64-6D25-4F0F-81B0-31C63E63F924}.Release|Any CPU.ActiveCfg = Release|Any CPU
		{80106B64-6D25-4F0F-81B0-31C63E63F924}.Release|Any CPU.Build.0 = Release|Any CPU
	EndGlobalSection
	GlobalSection(SolutionProperties) = preSolution
		HideSolutionNode = FALSE
	EndGlobalSection
	GlobalSection(ExtensibilityGlobals) = postSolution
		SolutionGuid = {02A581ED-5F82-42E7-BAED-5A8887E87ADE}
	EndGlobalSection
EndGlobal
